
Microsoft Visual Studio Solution File, Format Version 12.00
# Visual Studio Version 16
VisualStudioVersion = 16.0.28315.86
MinimumVisualStudioVersion = 10.0.40219.1
Project("{FAE04EC0-301F-11D3-BF4B-00C04F79EFBC}") = "Day01", "Day01\Day01.csproj", "{21312235-05D7-4CD0-BAAE-99DE9DD76AD5}"
EndProject
Project("{FAE04EC0-301F-11D3-BF4B-00C04F79EFBC}") = "Day02", "Day02\Day02.csproj", "{5CD2B6D3-25DC-48E4-9DC3-5B3595B2C921}"
EndProject
Project("{FAE04EC0-301F-11D3-BF4B-00C04F79EFBC}") = "Day03", "Day03\Day03.csproj", "{E1CB366B-5958-4E0A-A15D-2FCB1691A977}"
EndProject
Project("{FAE04EC0-301F-11D3-BF4B-00C04F79EFBC}") = "Day04", "Day04\Day04.csproj", "{0C71F38A-E6D0-4AAD-BD8E-A1FEEDD623CE}"
EndProject
Project("{FAE04EC0-301F-11D3-BF4B-00C04F79EFBC}") = "Day05", "Day05\Day05.csproj", "{3A555B57-E9E9-4897-87EF-9C06CB42A3E7}"
EndProject
Project("{FAE04EC0-301F-11D3-BF4B-00C04F79EFBC}") = "Day06", "Day06\Day06.csproj", "{1D458D1F-A460-471A-95C5-FFF5F3A4CA7B}"
EndProject
Project("{FAE04EC0-301F-11D3-BF4B-00C04F79EFBC}") = "Day07", "Day07\Day07.csproj", "{063AAA5C-C2C6-4F5C-95E2-DB45B1BAFACE}"
EndProject
Project("{FAE04EC0-301F-11D3-BF4B-00C04F79EFBC}") = "Day08", "Day08\Day08.csproj", "{2B42B61D-28B3-4430-ADB2-0A16A64696C5}"
EndProject
Project("{FAE04EC0-301F-11D3-BF4B-00C04F79EFBC}") = "Day09", "Day09\Day09.csproj", "{7366015C-8702-4127-965F-72D7826F24E8}"
EndProject
Project("{FAE04EC0-301F-11D3-BF4B-00C04F79EFBC}") = "Day10", "Day10\Day10.csproj", "{C06B0BA7-CEDD-4256-994D-B4F58EDF3811}"
EndProject
Project("{FAE04EC0-301F-11D3-BF4B-00C04F79EFBC}") = "Day11", "Day11\Day11.csproj", "{9D01F46A-D999-4F01-BFBD-F6DF53635069}"
EndProject
Project("{FAE04EC0-301F-11D3-BF4B-00C04F79EFBC}") = "Day12", "Day12\Day12.csproj", "{B6D93741-C55F-48FE-9537-84153E2579D5}"
EndProject
Project("{FAE04EC0-301F-11D3-BF4B-00C04F79EFBC}") = "Day16", "Day16\Day16.csproj", "{73CF24F6-F9DD-44B4-98FA-26E5ECE3E374}"
EndProject
Global
	GlobalSection(SolutionConfigurationPlatforms) = preSolution
		Debug|Any CPU = Debug|Any CPU
		Release|Any CPU = Release|Any CPU
	EndGlobalSection
	GlobalSection(ProjectConfigurationPlatforms) = postSolution
		{21312235-05D7-4CD0-BAAE-99DE9DD76AD5}.Debug|Any CPU.ActiveCfg = Debug|Any CPU
		{21312235-05D7-4CD0-BAAE-99DE9DD76AD5}.Debug|Any CPU.Build.0 = Debug|Any CPU
		{21312235-05D7-4CD0-BAAE-99DE9DD76AD5}.Release|Any CPU.ActiveCfg = Release|Any CPU
		{21312235-05D7-4CD0-BAAE-99DE9DD76AD5}.Release|Any CPU.Build.0 = Release|Any CPU
		{5CD2B6D3-25DC-48E4-9DC3-5B3595B2C921}.Debug|Any CPU.ActiveCfg = Debug|Any CPU
		{5CD2B6D3-25DC-48E4-9DC3-5B3595B2C921}.Debug|Any CPU.Build.0 = Debug|Any CPU
		{5CD2B6D3-25DC-48E4-9DC3-5B3595B2C921}.Release|Any CPU.ActiveCfg = Release|Any CPU
		{5CD2B6D3-25DC-48E4-9DC3-5B3595B2C921}.Release|Any CPU.Build.0 = Release|Any CPU
		{E1CB366B-5958-4E0A-A15D-2FCB1691A977}.Debug|Any CPU.ActiveCfg = Debug|Any CPU
		{E1CB366B-5958-4E0A-A15D-2FCB1691A977}.Debug|Any CPU.Build.0 = Debug|Any CPU
		{E1CB366B-5958-4E0A-A15D-2FCB1691A977}.Release|Any CPU.ActiveCfg = Release|Any CPU
		{E1CB366B-5958-4E0A-A15D-2FCB1691A977}.Release|Any CPU.Build.0 = Release|Any CPU
		{0C71F38A-E6D0-4AAD-BD8E-A1FEEDD623CE}.Debug|Any CPU.ActiveCfg = Debug|Any CPU
		{0C71F38A-E6D0-4AAD-BD8E-A1FEEDD623CE}.Debug|Any CPU.Build.0 = Debug|Any CPU
		{0C71F38A-E6D0-4AAD-BD8E-A1FEEDD623CE}.Release|Any CPU.ActiveCfg = Release|Any CPU
		{0C71F38A-E6D0-4AAD-BD8E-A1FEEDD623CE}.Release|Any CPU.Build.0 = Release|Any CPU
		{3A555B57-E9E9-4897-87EF-9C06CB42A3E7}.Debug|Any CPU.ActiveCfg = Debug|Any CPU
		{3A555B57-E9E9-4897-87EF-9C06CB42A3E7}.Debug|Any CPU.Build.0 = Debug|Any CPU
		{3A555B57-E9E9-4897-87EF-9C06CB42A3E7}.Release|Any CPU.ActiveCfg = Release|Any CPU
		{3A555B57-E9E9-4897-87EF-9C06CB42A3E7}.Release|Any CPU.Build.0 = Release|Any CPU
		{1D458D1F-A460-471A-95C5-FFF5F3A4CA7B}.Debug|Any CPU.ActiveCfg = Debug|Any CPU
		{1D458D1F-A460-471A-95C5-FFF5F3A4CA7B}.Debug|Any CPU.Build.0 = Debug|Any CPU
		{1D458D1F-A460-471A-95C5-FFF5F3A4CA7B}.Release|Any CPU.ActiveCfg = Release|Any CPU
		{1D458D1F-A460-471A-95C5-FFF5F3A4CA7B}.Release|Any CPU.Build.0 = Release|Any CPU
		{063AAA5C-C2C6-4F5C-95E2-DB45B1BAFACE}.Debug|Any CPU.ActiveCfg = Debug|Any CPU
		{063AAA5C-C2C6-4F5C-95E2-DB45B1BAFACE}.Debug|Any CPU.Build.0 = Debug|Any CPU
		{063AAA5C-C2C6-4F5C-95E2-DB45B1BAFACE}.Release|Any CPU.ActiveCfg = Release|Any CPU
		{063AAA5C-C2C6-4F5C-95E2-DB45B1BAFACE}.Release|Any CPU.Build.0 = Release|Any CPU
		{2B42B61D-28B3-4430-ADB2-0A16A64696C5}.Debug|Any CPU.ActiveCfg = Debug|Any CPU
		{2B42B61D-28B3-4430-ADB2-0A16A64696C5}.Debug|Any CPU.Build.0 = Debug|Any CPU
		{2B42B61D-28B3-4430-ADB2-0A16A64696C5}.Release|Any CPU.ActiveCfg = Release|Any CPU
		{2B42B61D-28B3-4430-ADB2-0A16A64696C5}.Release|Any CPU.Build.0 = Release|Any CPU
		{7366015C-8702-4127-965F-72D7826F24E8}.Debug|Any CPU.ActiveCfg = Debug|Any CPU
		{7366015C-8702-4127-965F-72D7826F24E8}.Debug|Any CPU.Build.0 = Debug|Any CPU
		{7366015C-8702-4127-965F-72D7826F24E8}.Release|Any CPU.ActiveCfg = Release|Any CPU
		{7366015C-8702-4127-965F-72D7826F24E8}.Release|Any CPU.Build.0 = Release|Any CPU
		{C06B0BA7-CEDD-4256-994D-B4F58EDF3811}.Debug|Any CPU.ActiveCfg = Debug|Any CPU
		{C06B0BA7-CEDD-4256-994D-B4F58EDF3811}.Debug|Any CPU.Build.0 = Debug|Any CPU
		{C06B0BA7-CEDD-4256-994D-B4F58EDF3811}.Release|Any CPU.ActiveCfg = Release|Any CPU
		{C06B0BA7-CEDD-4256-994D-B4F58EDF3811}.Release|Any CPU.Build.0 = Release|Any CPU
		{9D01F46A-D999-4F01-BFBD-F6DF53635069}.Debug|Any CPU.ActiveCfg = Debug|Any CPU
		{9D01F46A-D999-4F01-BFBD-F6DF53635069}.Debug|Any CPU.Build.0 = Debug|Any CPU
		{9D01F46A-D999-4F01-BFBD-F6DF53635069}.Release|Any CPU.ActiveCfg = Release|Any CPU
		{9D01F46A-D999-4F01-BFBD-F6DF53635069}.Release|Any CPU.Build.0 = Release|Any CPU
		{B6D93741-C55F-48FE-9537-84153E2579D5}.Debug|Any CPU.ActiveCfg = Debug|Any CPU
		{B6D93741-C55F-48FE-9537-84153E2579D5}.Debug|Any CPU.Build.0 = Debug|Any CPU
		{B6D93741-C55F-48FE-9537-84153E2579D5}.Release|Any CPU.ActiveCfg = Release|Any CPU
		{B6D93741-C55F-48FE-9537-84153E2579D5}.Release|Any CPU.Build.0 = Release|Any CPU
		{73CF24F6-F9DD-44B4-98FA-26E5ECE3E374}.Debug|Any CPU.ActiveCfg = Debug|Any CPU
		{73CF24F6-F9DD-44B4-98FA-26E5ECE3E374}.Debug|Any CPU.Build.0 = Debug|Any CPU
		{73CF24F6-F9DD-44B4-98FA-26E5ECE3E374}.Release|Any CPU.ActiveCfg = Release|Any CPU
		{73CF24F6-F9DD-44B4-98FA-26E5ECE3E374}.Release|Any CPU.Build.0 = Release|Any CPU
	EndGlobalSection
	GlobalSection(SolutionProperties) = preSolution
		HideSolutionNode = FALSE
	EndGlobalSection
	GlobalSection(ExtensibilityGlobals) = postSolution
		SolutionGuid = {4BFE12DA-11FE-41E6-B227-8301E8D9C86B}
	EndGlobalSection
EndGlobal
